
Microsoft Visual Studio Solution File, Format Version 12.00
# Visual Studio Version 16
VisualStudioVersion = 16.0.32106.194
MinimumVisualStudioVersion = 10.0.40219.1
Project("{FAE04EC0-301F-11D3-BF4B-00C04F79EFBC}") = "API", "API\API.csproj", "{77883E42-0E06-4692-8AE0-B3151DE92941}"
EndProject
Project("{FAE04EC0-301F-11D3-BF4B-00C04F79EFBC}") = "API.W", "API.W\API.W.csproj", "{CC99CAB6-24E7-44A8-B098-DFDE6D124232}"
EndProject
Project("{FAE04EC0-301F-11D3-BF4B-00C04F79EFBC}") = "BE", "BE\BE.csproj", "{083C1252-B5ED-4059-8343-C0FC0BACEC07}"
EndProject
Project("{FAE04EC0-301F-11D3-BF4B-00C04F79EFBC}") = "DAL", "DAL\DAL.csproj", "{CA28074B-2C9B-4F7F-B0DC-5998F085E7D9}"
EndProject
Project("{FAE04EC0-301F-11D3-BF4B-00C04F79EFBC}") = "DAL.DO", "DAL.DO\DAL.DO.csproj", "{B0A3640E-69C9-410D-A32F-847922779977}"
EndProject
Project("{FAE04EC0-301F-11D3-BF4B-00C04F79EFBC}") = "DAL.EF", "DAL.EF\DAL.EF.csproj", "{7B140756-49BE-40AB-A048-CF4732BD6E36}"
EndProject
Project("{FAE04EC0-301F-11D3-BF4B-00C04F79EFBC}") = "DAL.Repository", "DAL.Repository\DAL.Repository.csproj", "{AC8028C6-2C6D-4ACF-8636-4EB8E87866A8}"
EndProject
Global
	GlobalSection(SolutionConfigurationPlatforms) = preSolution
		Debug|Any CPU = Debug|Any CPU
		Release|Any CPU = Release|Any CPU
	EndGlobalSection
	GlobalSection(ProjectConfigurationPlatforms) = postSolution
		{77883E42-0E06-4692-8AE0-B3151DE92941}.Debug|Any CPU.ActiveCfg = Debug|Any CPU
		{77883E42-0E06-4692-8AE0-B3151DE92941}.Debug|Any CPU.Build.0 = Debug|Any CPU
		{77883E42-0E06-4692-8AE0-B3151DE92941}.Release|Any CPU.ActiveCfg = Release|Any CPU
		{77883E42-0E06-4692-8AE0-B3151DE92941}.Release|Any CPU.Build.0 = Release|Any CPU
		{CC99CAB6-24E7-44A8-B098-DFDE6D124232}.Debug|Any CPU.ActiveCfg = Debug|Any CPU
		{CC99CAB6-24E7-44A8-B098-DFDE6D124232}.Debug|Any CPU.Build.0 = Debug|Any CPU
		{CC99CAB6-24E7-44A8-B098-DFDE6D124232}.Release|Any CPU.ActiveCfg = Release|Any CPU
		{CC99CAB6-24E7-44A8-B098-DFDE6D124232}.Release|Any CPU.Build.0 = Release|Any CPU
		{083C1252-B5ED-4059-8343-C0FC0BACEC07}.Debug|Any CPU.ActiveCfg = Debug|Any CPU
		{083C1252-B5ED-4059-8343-C0FC0BACEC07}.Debug|Any CPU.Build.0 = Debug|Any CPU
		{083C1252-B5ED-4059-8343-C0FC0BACEC07}.Release|Any CPU.ActiveCfg = Release|Any CPU
		{083C1252-B5ED-4059-8343-C0FC0BACEC07}.Release|Any CPU.Build.0 = Release|Any CPU
		{CA28074B-2C9B-4F7F-B0DC-5998F085E7D9}.Debug|Any CPU.ActiveCfg = Debug|Any CPU
		{CA28074B-2C9B-4F7F-B0DC-5998F085E7D9}.Debug|Any CPU.Build.0 = Debug|Any CPU
		{CA28074B-2C9B-4F7F-B0DC-5998F085E7D9}.Release|Any CPU.ActiveCfg = Release|Any CPU
		{CA28074B-2C9B-4F7F-B0DC-5998F085E7D9}.Release|Any CPU.Build.0 = Release|Any CPU
		{B0A3640E-69C9-410D-A32F-847922779977}.Debug|Any CPU.ActiveCfg = Debug|Any CPU
		{B0A3640E-69C9-410D-A32F-847922779977}.Debug|Any CPU.Build.0 = Debug|Any CPU
		{B0A3640E-69C9-410D-A32F-847922779977}.Release|Any CPU.ActiveCfg = Release|Any CPU
		{B0A3640E-69C9-410D-A32F-847922779977}.Release|Any CPU.Build.0 = Release|Any CPU
		{7B140756-49BE-40AB-A048-CF4732BD6E36}.Debug|Any CPU.ActiveCfg = Debug|Any CPU
		{7B140756-49BE-40AB-A048-CF4732BD6E36}.Debug|Any CPU.Build.0 = Debug|Any CPU
		{7B140756-49BE-40AB-A048-CF4732BD6E36}.Release|Any CPU.ActiveCfg = Release|Any CPU
		{7B140756-49BE-40AB-A048-CF4732BD6E36}.Release|Any CPU.Build.0 = Release|Any CPU
		{AC8028C6-2C6D-4ACF-8636-4EB8E87866A8}.Debug|Any CPU.ActiveCfg = Debug|Any CPU
		{AC8028C6-2C6D-4ACF-8636-4EB8E87866A8}.Debug|Any CPU.Build.0 = Debug|Any CPU
		{AC8028C6-2C6D-4ACF-8636-4EB8E87866A8}.Release|Any CPU.ActiveCfg = Release|Any CPU
		{AC8028C6-2C6D-4ACF-8636-4EB8E87866A8}.Release|Any CPU.Build.0 = Release|Any CPU
	EndGlobalSection
	GlobalSection(SolutionProperties) = preSolution
		HideSolutionNode = FALSE
	EndGlobalSection
	GlobalSection(ExtensibilityGlobals) = postSolution
		SolutionGuid = {AA052552-EB51-445E-BA96-585F9E4162EC}
	EndGlobalSection
EndGlobal
